
Microsoft Visual Studio Solution File, Format Version 12.00
# Visual Studio Version 16
VisualStudioVersion = 16.0.30717.126
MinimumVisualStudioVersion = 10.0.40219.1
Project("{888888A0-9F3D-457C-B088-3A5042F75D52}") = "G1", "G1\G1.pyproj", "{6D6D344C-37AA-4578-B220-A17A895F7CFF}"
EndProject
Global
	GlobalSection(SolutionConfigurationPlatforms) = preSolution
		Debug|Any CPU = Debug|Any CPU
		Release|Any CPU = Release|Any CPU
	EndGlobalSection
	GlobalSection(ProjectConfigurationPlatforms) = postSolution
		{6D6D344C-37AA-4578-B220-A17A895F7CFF}.Debug|Any CPU.ActiveCfg = Debug|Any CPU
		{6D6D344C-37AA-4578-B220-A17A895F7CFF}.Release|Any CPU.ActiveCfg = Release|Any CPU
	EndGlobalSection
	GlobalSection(SolutionProperties) = preSolution
		HideSolutionNode = FALSE
	EndGlobalSection
	GlobalSection(ExtensibilityGlobals) = postSolution
		SolutionGuid = {9BFD5A9E-6F67-468E-9869-C5A5BC4EA076}
	EndGlobalSection
EndGlobal
